// !$*UTF8*$!
{
	archiveVersion = 1;
	classes = {
	};
	objectVersion = 77;
	objects = {

/* Begin PBXContainerItemProxy section */
		54684B162E63ADE90046A602 /* PBXContainerItemProxy */ = {
			isa = PBXContainerItemProxy;
			containerPortal = 54684AFD2E63ADE80046A602 /* Project object */;
			proxyType = 1;
			remoteGlobalIDString = 54684B042E63ADE80046A602;
			remoteInfo = NetworkingPlayground;
		};
		54684B202E63ADE90046A602 /* PBXContainerItemProxy */ = {
			isa = PBXContainerItemProxy;
			containerPortal = 54684AFD2E63ADE80046A602 /* Project object */;
			proxyType = 1;
			remoteGlobalIDString = 54684B042E63ADE80046A602;
			remoteInfo = NetworkingPlayground;
		};
/* End PBXContainerItemProxy section */

/* Begin PBXFileReference section */
		54684B052E63ADE80046A602 /* NetworkingPlayground.app */ = {isa = PBXFileReference; explicitFileType = wrapper.application; includeInIndex = 0; path = NetworkingPlayground.app; sourceTree = BUILT_PRODUCTS_DIR; };
		54684B152E63ADE90046A602 /* NetworkingPlaygroundTests.xctest */ = {isa = PBXFileReference; explicitFileType = wrapper.cfbundle; includeInIndex = 0; path = NetworkingPlaygroundTests.xctest; sourceTree = BUILT_PRODUCTS_DIR; };
		54684B1F2E63ADE90046A602 /* NetworkingPlaygroundUITests.xctest */ = {isa = PBXFileReference; explicitFileType = wrapper.cfbundle; includeInIndex = 0; path = NetworkingPlaygroundUITests.xctest; sourceTree = BUILT_PRODUCTS_DIR; };
/* End PBXFileReference section */

/* Begin PBXFileSystemSynchronizedRootGroup section */
		54684B072E63ADE80046A602 /* NetworkingPlayground */ = {
			isa = PBXFileSystemSynchronizedRootGroup;
			path = NetworkingPlayground;
			sourceTree = "<group>";
		};
		54684B182E63ADE90046A602 /* NetworkingPlaygroundTests */ = {
			isa = PBXFileSystemSynchronizedRootGroup;
			path = NetworkingPlaygroundTests;
			sourceTree = "<group>";
		};
		54684B222E63ADE90046A602 /* NetworkingPlaygroundUITests */ = {
			isa = PBXFileSystemSynchronizedRootGroup;
			path = NetworkingPlaygroundUITests;
			sourceTree = "<group>";
		};
/* End PBXFileSystemSynchronizedRootGroup section */

/* Begin PBXFrameworksBuildPhase section */
		54684B022E63ADE80046A602 /* Frameworks */ = {
			isa = PBXFrameworksBuildPhase;
			buildActionMask = 2147483647;
			files = (
			);
			runOnlyForDeploymentPostprocessing = 0;
		};
		54684B122E63ADE90046A602 /* Frameworks */ = {
			isa = PBXFrameworksBuildPhase;
			buildActionMask = 2147483647;
			files = (
			);
			runOnlyForDeploymentPostprocessing = 0;
		};
		54684B1C2E63ADE90046A602 /* Frameworks */ = {
			isa = PBXFrameworksBuildPhase;
			buildActionMask = 2147483647;
			files = (
			);
			runOnlyForDeploymentPostprocessing = 0;
		};
/* End PBXFrameworksBuildPhase section */

/* Begin PBXGroup section */
		54684AFC2E63ADE80046A602 = {
			isa = PBXGroup;
			children = (
				54684B072E63ADE80046A602 /* NetworkingPlayground */,
				54684B182E63ADE90046A602 /* NetworkingPlaygroundTests */,
				54684B222E63ADE90046A602 /* NetworkingPlaygroundUITests */,
				54684B062E63ADE80046A602 /* Products */,
			);
			sourceTree = "<group>";
		};
		54684B062E63ADE80046A602 /* Products */ = {
			isa = PBXGroup;
			children = (
				54684B052E63ADE80046A602 /* NetworkingPlayground.app */,
				54684B152E63ADE90046A602 /* NetworkingPlaygroundTests.xctest */,
				54684B1F2E63ADE90046A602 /* NetworkingPlaygroundUITests.xctest */,
			);
			name = Products;
			sourceTree = "<group>";
		};
/* End PBXGroup section */

/* Begin PBXNativeTarget section */
		54684B042E63ADE80046A602 /* NetworkingPlayground */ = {
			isa = PBXNativeTarget;
			buildConfigurationList = 54684B292E63ADE90046A602 /* Build configuration list for PBXNativeTarget "NetworkingPlayground" */;
			buildPhases = (
				54684B012E63ADE80046A602 /* Sources */,
				54684B022E63ADE80046A602 /* Frameworks */,
				54684B032E63ADE80046A602 /* Resources */,
			);
			buildRules = (
			);
			dependencies = (
			);
			fileSystemSynchronizedGroups = (
				54684B072E63ADE80046A602 /* NetworkingPlayground */,
			);
			name = NetworkingPlayground;
			packageProductDependencies = (
			);
			productName = NetworkingPlayground;
			productReference = 54684B052E63ADE80046A602 /* NetworkingPlayground.app */;
			productType = "com.apple.product-type.application";
		};
		54684B142E63ADE90046A602 /* NetworkingPlaygroundTests */ = {
			isa = PBXNativeTarget;
			buildConfigurationList = 54684B2C2E63ADE90046A602 /* Build configuration list for PBXNativeTarget "NetworkingPlaygroundTests" */;
			buildPhases = (
				54684B112E63ADE90046A602 /* Sources */,
				54684B122E63ADE90046A602 /* Frameworks */,
				54684B132E63ADE90046A602 /* Resources */,
			);
			buildRules = (
			);
			dependencies = (
				54684B172E63ADE90046A602 /* PBXTargetDependency */,
			);
			fileSystemSynchronizedGroups = (
				54684B182E63ADE90046A602 /* NetworkingPlaygroundTests */,
			);
			name = NetworkingPlaygroundTests;
			packageProductDependencies = (
			);
			productName = NetworkingPlaygroundTests;
			productReference = 54684B152E63ADE90046A602 /* NetworkingPlaygroundTests.xctest */;
			productType = "com.apple.product-type.bundle.unit-test";
		};
		54684B1E2E63ADE90046A602 /* NetworkingPlaygroundUITests */ = {
			isa = PBXNativeTarget;
			buildConfigurationList = 54684B2F2E63ADE90046A602 /* Build configuration list for PBXNativeTarget "NetworkingPlaygroundUITests" */;
			buildPhases = (
				54684B1B2E63ADE90046A602 /* Sources */,
				54684B1C2E63ADE90046A602 /* Frameworks */,
				54684B1D2E63ADE90046A602 /* Resources */,
			);
			buildRules = (
			);
			dependencies = (
				54684B212E63ADE90046A602 /* PBXTargetDependency */,
			);
			fileSystemSynchronizedGroups = (
				54684B222E63ADE90046A602 /* NetworkingPlaygroundUITests */,
			);
			name = NetworkingPlaygroundUITests;
			packageProductDependencies = (
			);
			productName = NetworkingPlaygroundUITests;
			productReference = 54684B1F2E63ADE90046A602 /* NetworkingPlaygroundUITests.xctest */;
			productType = "com.apple.product-type.bundle.ui-testing";
		};
/* End PBXNativeTarget section */

/* Begin PBXProject section */
		54684AFD2E63ADE80046A602 /* Project object */ = {
			isa = PBXProject;
			attributes = {
				BuildIndependentTargetsInParallel = 1;
				LastSwiftUpdateCheck = 1620;
				LastUpgradeCheck = 1620;
				TargetAttributes = {
					54684B042E63ADE80046A602 = {
						CreatedOnToolsVersion = 16.2;
					};
					54684B142E63ADE90046A602 = {
						CreatedOnToolsVersion = 16.2;
						TestTargetID = 54684B042E63ADE80046A602;
					};
					54684B1E2E63ADE90046A602 = {
						CreatedOnToolsVersion = 16.2;
						TestTargetID = 54684B042E63ADE80046A602;
					};
				};
			};
			buildConfigurationList = 54684B002E63ADE80046A602 /* Build configuration list for PBXProject "NetworkingPlayground" */;
			developmentRegion = en;
			hasScannedForEncodings = 0;
			knownRegions = (
				en,
				Base,
			);
			mainGroup = 54684AFC2E63ADE80046A602;
			minimizedProjectReferenceProxies = 1;
			preferredProjectObjectVersion = 77;
			productRefGroup = 54684B062E63ADE80046A602 /* Products */;
			projectDirPath = "";
			projectRoot = "";
			targets = (
				54684B042E63ADE80046A602 /* NetworkingPlayground */,
				54684B142E63ADE90046A602 /* NetworkingPlaygroundTests */,
				54684B1E2E63ADE90046A602 /* NetworkingPlaygroundUITests */,
			);
		};
/* End PBXProject section */

/* Begin PBXResourcesBuildPhase section */
		54684B032E63ADE80046A602 /* Resources */ = {
			isa = PBXResourcesBuildPhase;
			buildActionMask = 2147483647;
			files = (
			);
			runOnlyForDeploymentPostprocessing = 0;
		};
		54684B132E63ADE90046A602 /* Resources */ = {
			isa = PBXResourcesBuildPhase;
			buildActionMask = 2147483647;
			files = (
			);
			runOnlyForDeploymentPostprocessing = 0;
		};
		54684B1D2E63ADE90046A602 /* Resources */ = {
			isa = PBXResourcesBuildPhase;
			buildActionMask = 2147483647;
			files = (
			);
			runOnlyForDeploymentPostprocessing = 0;
		};
/* End PBXResourcesBuildPhase section */

/* Begin PBXSourcesBuildPhase section */
		54684B012E63ADE80046A602 /* Sources */ = {
			isa = PBXSourcesBuildPhase;
			buildActionMask = 2147483647;
			files = (
			);
			runOnlyForDeploymentPostprocessing = 0;
		};
		54684B112E63ADE90046A602 /* Sources */ = {
			isa = PBXSourcesBuildPhase;
			buildActionMask = 2147483647;
			files = (
			);
			runOnlyForDeploymentPostprocessing = 0;
		};
		54684B1B2E63ADE90046A602 /* Sources */ = {
			isa = PBXSourcesBuildPhase;
			buildActionMask = 2147483647;
			files = (
			);
			runOnlyForDeploymentPostprocessing = 0;
		};
/* End PBXSourcesBuildPhase section */

/* Begin PBXTargetDependency section */
		54684B172E63ADE90046A602 /* PBXTargetDependency */ = {
			isa = PBXTargetDependency;
			target = 54684B042E63ADE80046A602 /* NetworkingPlayground */;
			targetProxy = 54684B162E63ADE90046A602 /* PBXContainerItemProxy */;
		};
		54684B212E63ADE90046A602 /* PBXTargetDependency */ = {
			isa = PBXTargetDependency;
			target = 54684B042E63ADE80046A602 /* NetworkingPlayground */;
			targetProxy = 54684B202E63ADE90046A602 /* PBXContainerItemProxy */;
		};
/* End PBXTargetDependency section */

/* Begin XCBuildConfiguration section */
		54684B272E63ADE90046A602 /* Debug */ = {
			isa = XCBuildConfiguration;
			buildSettings = {
				ALWAYS_SEARCH_USER_PATHS = NO;
				ASSETCATALOG_COMPILER_GENERATE_SWIFT_ASSET_SYMBOL_EXTENSIONS = YES;
				CLANG_ANALYZER_NONNULL = YES;
				CLANG_ANALYZER_NUMBER_OBJECT_CONVERSION = YES_AGGRESSIVE;
				CLANG_CXX_LANGUAGE_STANDARD = "gnu++20";
				CLANG_ENABLE_MODULES = YES;
				CLANG_ENABLE_OBJC_ARC = YES;
				CLANG_ENABLE_OBJC_WEAK = YES;
				CLANG_WARN_BLOCK_CAPTURE_AUTORELEASING = YES;
				CLANG_WARN_BOOL_CONVERSION = YES;
				CLANG_WARN_COMMA = YES;
				CLANG_WARN_CONSTANT_CONVERSION = YES;
				CLANG_WARN_DEPRECATED_OBJC_IMPLEMENTATIONS = YES;
				CLANG_WARN_DIRECT_OBJC_ISA_USAGE = YES_ERROR;
				CLANG_WARN_DOCUMENTATION_COMMENTS = YES;
				CLANG_WARN_EMPTY_BODY = YES;
				CLANG_WARN_ENUM_CONVERSION = YES;
				CLANG_WARN_INFINITE_RECURSION = YES;
				CLANG_WARN_INT_CONVERSION = YES;
				CLANG_WARN_NON_LITERAL_NULL_CONVERSION = YES;
				CLANG_WARN_OBJC_IMPLICIT_RETAIN_SELF = YES;
				CLANG_WARN_OBJC_LITERAL_CONVERSION = YES;
				CLANG_WARN_OBJC_ROOT_CLASS = YES_ERROR;
				CLANG_WARN_QUOTED_INCLUDE_IN_FRAMEWORK_HEADER = YES;
				CLANG_WARN_RANGE_LOOP_ANALYSIS = YES;
				CLANG_WARN_STRICT_PROTOTYPES = YES;
				CLANG_WARN_SUSPICIOUS_MOVE = YES;
				CLANG_WARN_UNGUARDED_AVAILABILITY = YES_AGGRESSIVE;
				CLANG_WARN_UNREACHABLE_CODE = YES;
				CLANG_WARN__DUPLICATE_METHOD_MATCH = YES;
				COPY_PHASE_STRIP = NO;
				DEBUG_INFORMATION_FORMAT = dwarf;
				ENABLE_STRICT_OBJC_MSGSEND = YES;
				ENABLE_TESTABILITY = YES;
				ENABLE_USER_SCRIPT_SANDBOXING = YES;
				GCC_C_LANGUAGE_STANDARD = gnu17;
				GCC_DYNAMIC_NO_PIC = NO;
				GCC_NO_COMMON_BLOCKS = YES;
				GCC_OPTIMIZATION_LEVEL = 0;
				GCC_PREPROCESSOR_DEFINITIONS = (
					"DEBUG=1",
					"$(inherited)",
				);
				GCC_WARN_64_TO_32_BIT_CONVERSION = YES;
				GCC_WARN_ABOUT_RETURN_TYPE = YES_ERROR;
				GCC_WARN_UNDECLARED_SELECTOR = YES;
				GCC_WARN_UNINITIALIZED_AUTOS = YES_AGGRESSIVE;
				GCC_WARN_UNUSED_FUNCTION = YES;
				GCC_WARN_UNUSED_VARIABLE = YES;
				IPHONEOS_DEPLOYMENT_TARGET = 18.2;
				LOCALIZATION_PREFERS_STRING_CATALOGS = YES;
				MTL_ENABLE_DEBUG_INFO = INCLUDE_SOURCE;
				MTL_FAST_MATH = YES;
				ONLY_ACTIVE_ARCH = YES;
				SDKROOT = iphoneos;
				SWIFT_ACTIVE_COMPILATION_CONDITIONS = "DEBUG $(inherited)";
				SWIFT_OPTIMIZATION_LEVEL = "-Onone";
			};
			name = Debug;
		};
		54684B282E63ADE90046A602 /* Release */ = {
			isa = XCBuildConfiguration;
			buildSettings = {
				ALWAYS_SEARCH_USER_PATHS = NO;
				ASSETCATALOG_COMPILER_GENERATE_SWIFT_ASSET_SYMBOL_EXTENSIONS = YES;
				CLANG_ANALYZER_NONNULL = YES;
				CLANG_ANALYZER_NUMBER_OBJECT_CONVERSION = YES_AGGRESSIVE;
				CLANG_CXX_LANGUAGE_STANDARD = "gnu++20";
				CLANG_ENABLE_MODULES = YES;
				CLANG_ENABLE_OBJC_ARC = YES;
				CLANG_ENABLE_OBJC_WEAK = YES;
				CLANG_WARN_BLOCK_CAPTURE_AUTORELEASING = YES;
				CLANG_WARN_BOOL_CONVERSION = YES;
				CLANG_WARN_COMMA = YES;
				CLANG_WARN_CONSTANT_CONVERSION = YES;
				CLANG_WARN_DEPRECATED_OBJC_IMPLEMENTATIONS = YES;
				CLANG_WARN_DIRECT_OBJC_ISA_USAGE = YES_ERROR;
				CLANG_WARN_DOCUMENTATION_COMMENTS = YES;
				CLANG_WARN_EMPTY_BODY = YES;
				CLANG_WARN_ENUM_CONVERSION = YES;
				CLANG_WARN_INFINITE_RECURSION = YES;
				CLANG_WARN_INT_CONVERSION = YES;
				CLANG_WARN_NON_LITERAL_NULL_CONVERSION = YES;
				CLANG_WARN_OBJC_IMPLICIT_RETAIN_SELF = YES;
				CLANG_WARN_OBJC_LITERAL_CONVERSION = YES;
				CLANG_WARN_OBJC_ROOT_CLASS = YES_ERROR;
				CLANG_WARN_QUOTED_INCLUDE_IN_FRAMEWORK_HEADER = YES;
				CLANG_WARN_RANGE_LOOP_ANALYSIS = YES;
				CLANG_WARN_STRICT_PROTOTYPES = YES;
				CLANG_WARN_SUSPICIOUS_MOVE = YES;
				CLANG_WARN_UNGUARDED_AVAILABILITY = YES_AGGRESSIVE;
				CLANG_WARN_UNREACHABLE_CODE = YES;
				CLANG_WARN__DUPLICATE_METHOD_MATCH = YES;
				COPY_PHASE_STRIP = NO;
				DEBUG_INFORMATION_FORMAT = "dwarf-with-dsym";
				ENABLE_NS_ASSERTIONS = NO;
				ENABLE_STRICT_OBJC_MSGSEND = YES;
				ENABLE_USER_SCRIPT_SANDBOXING = YES;
				GCC_C_LANGUAGE_STANDARD = gnu17;
				GCC_NO_COMMON_BLOCKS = YES;
				GCC_WARN_64_TO_32_BIT_CONVERSION = YES;
				GCC_WARN_ABOUT_RETURN_TYPE = YES_ERROR;
				GCC_WARN_UNDECLARED_SELECTOR = YES;
				GCC_WARN_UNINITIALIZED_AUTOS = YES_AGGRESSIVE;
				GCC_WARN_UNUSED_FUNCTION = YES;
				GCC_WARN_UNUSED_VARIABLE = YES;
				IPHONEOS_DEPLOYMENT_TARGET = 18.2;
				LOCALIZATION_PREFERS_STRING_CATALOGS = YES;
				MTL_ENABLE_DEBUG_INFO = NO;
				MTL_FAST_MATH = YES;
				SDKROOT = iphoneos;
				SWIFT_COMPILATION_MODE = wholemodule;
				VALIDATE_PRODUCT = YES;
			};
			name = Release;
		};
		54684B2A2E63ADE90046A602 /* Debug */ = {
			isa = XCBuildConfiguration;
			buildSettings = {
				ASSETCATALOG_COMPILER_APPICON_NAME = AppIcon;
				ASSETCATALOG_COMPILER_GLOBAL_ACCENT_COLOR_NAME = AccentColor;
				CODE_SIGN_STYLE = Automatic;
				CURRENT_PROJECT_VERSION = 1;
				DEVELOPMENT_ASSET_PATHS = "\"NetworkingPlayground/Preview Content\"";
				DEVELOPMENT_TEAM = A8978LUS7S;
				ENABLE_PREVIEWS = YES;
				GENERATE_INFOPLIST_FILE = YES;
				INFOPLIST_KEY_UIApplicationSceneManifest_Generation = YES;
				INFOPLIST_KEY_UIApplicationSupportsIndirectInputEvents = YES;
				INFOPLIST_KEY_UILaunchScreen_Generation = YES;
				INFOPLIST_KEY_UISupportedInterfaceOrientations_iPad = "UIInterfaceOrientationPortrait UIInterfaceOrientationPortraitUpsideDown UIInterfaceOrientationLandscapeLeft UIInterfaceOrientationLandscapeRight";
				INFOPLIST_KEY_UISupportedInterfaceOrientations_iPhone = "UIInterfaceOrientationPortrait UIInterfaceOrientationLandscapeLeft UIInterfaceOrientationLandscapeRight";
				LD_RUNPATH_SEARCH_PATHS = (
					"$(inherited)",
					"@executable_path/Frameworks",
				);
				MARKETING_VERSION = 1.0;
				PRODUCT_BUNDLE_IDENTIFIER = "don-t-have-one.NetworkingPlayground";
				PRODUCT_NAME = "$(TARGET_NAME)";
				SWIFT_EMIT_LOC_STRINGS = YES;
				SWIFT_VERSION = 5.0;
				TARGETED_DEVICE_FAMILY = "1,2";
			};
			name = Debug;
		};
		54684B2B2E63ADE90046A602 /* Release */ = {
			isa = XCBuildConfiguration;
			buildSettings = {
				ASSETCATALOG_COMPILER_APPICON_NAME = AppIcon;
				ASSETCATALOG_COMPILER_GLOBAL_ACCENT_COLOR_NAME = AccentColor;
				CODE_SIGN_STYLE = Automatic;
				CURRENT_PROJECT_VERSION = 1;
				DEVELOPMENT_ASSET_PATHS = "\"NetworkingPlayground/Preview Content\"";
				DEVELOPMENT_TEAM = A8978LUS7S;
				ENABLE_PREVIEWS = YES;
				GENERATE_INFOPLIST_FILE = YES;
				INFOPLIST_KEY_UIApplicationSceneManifest_Generation = YES;
				INFOPLIST_KEY_UIApplicationSupportsIndirectInputEvents = YES;
				INFOPLIST_KEY_UILaunchScreen_Generation = YES;
				INFOPLIST_KEY_UISupportedInterfaceOrientations_iPad = "UIInterfaceOrientationPortrait UIInterfaceOrientationPortraitUpsideDown UIInterfaceOrientationLandscapeLeft UIInterfaceOrientationLandscapeRight";
				INFOPLIST_KEY_UISupportedInterfaceOrientations_iPhone = "UIInterfaceOrientationPortrait UIInterfaceOrientationLandscapeLeft UIInterfaceOrientationLandscapeRight";
				LD_RUNPATH_SEARCH_PATHS = (
					"$(inherited)",
					"@executable_path/Frameworks",
				);
				MARKETING_VERSION = 1.0;
				PRODUCT_BUNDLE_IDENTIFIER = "don-t-have-one.NetworkingPlayground";
				PRODUCT_NAME = "$(TARGET_NAME)";
				SWIFT_EMIT_LOC_STRINGS = YES;
				SWIFT_VERSION = 5.0;
				TARGETED_DEVICE_FAMILY = "1,2";
			};
			name = Release;
		};
		54684B2D2E63ADE90046A602 /* Debug */ = {
			isa = XCBuildConfiguration;
			buildSettings = {
				BUNDLE_LOADER = "$(TEST_HOST)";
				CODE_SIGN_STYLE = Automatic;
				CURRENT_PROJECT_VERSION = 1;
				DEVELOPMENT_TEAM = A8978LUS7S;
				GENERATE_INFOPLIST_FILE = YES;
				IPHONEOS_DEPLOYMENT_TARGET = 18.2;
				MARKETING_VERSION = 1.0;
				PRODUCT_BUNDLE_IDENTIFIER = "don-t-have-one.NetworkingPlaygroundTests";
				PRODUCT_NAME = "$(TARGET_NAME)";
				SWIFT_EMIT_LOC_STRINGS = NO;
				SWIFT_VERSION = 5.0;
				TARGETED_DEVICE_FAMILY = "1,2";
				TEST_HOST = "$(BUILT_PRODUCTS_DIR)/NetworkingPlayground.app/$(BUNDLE_EXECUTABLE_FOLDER_PATH)/NetworkingPlayground";
			};
			name = Debug;
		};
		54684B2E2E63ADE90046A602 /* Release */ = {
			isa = XCBuildConfiguration;
			buildSettings = {
				BUNDLE_LOADER = "$(TEST_HOST)";
				CODE_SIGN_STYLE = Automatic;
				CURRENT_PROJECT_VERSION = 1;
				DEVELOPMENT_TEAM = A8978LUS7S;
				GENERATE_INFOPLIST_FILE = YES;
				IPHONEOS_DEPLOYMENT_TARGET = 18.2;
				MARKETING_VERSION = 1.0;
				PRODUCT_BUNDLE_IDENTIFIER = "don-t-have-one.NetworkingPlaygroundTests";
				PRODUCT_NAME = "$(TARGET_NAME)";
				SWIFT_EMIT_LOC_STRINGS = NO;
				SWIFT_VERSION = 5.0;
				TARGETED_DEVICE_FAMILY = "1,2";
				TEST_HOST = "$(BUILT_PRODUCTS_DIR)/NetworkingPlayground.app/$(BUNDLE_EXECUTABLE_FOLDER_PATH)/NetworkingPlayground";
			};
			name = Release;
		};
		54684B302E63ADE90046A602 /* Debug */ = {
			isa = XCBuildConfiguration;
			buildSettings = {
				CODE_SIGN_STYLE = Automatic;
				CURRENT_PROJECT_VERSION = 1;
				DEVELOPMENT_TEAM = A8978LUS7S;
				GENERATE_INFOPLIST_FILE = YES;
				MARKETING_VERSION = 1.0;
				PRODUCT_BUNDLE_IDENTIFIER = "don-t-have-one.NetworkingPlaygroundUITests";
				PRODUCT_NAME = "$(TARGET_NAME)";
				SWIFT_EMIT_LOC_STRINGS = NO;
				SWIFT_VERSION = 5.0;
				TARGETED_DEVICE_FAMILY = "1,2";
				TEST_TARGET_NAME = NetworkingPlayground;
			};
			name = Debug;
		};
		54684B312E63ADE90046A602 /* Release */ = {
			isa = XCBuildConfiguration;
			buildSettings = {
				CODE_SIGN_STYLE = Automatic;
				CURRENT_PROJECT_VERSION = 1;
				DEVELOPMENT_TEAM = A8978LUS7S;
				GENERATE_INFOPLIST_FILE = YES;
				MARKETING_VERSION = 1.0;
				PRODUCT_BUNDLE_IDENTIFIER = "don-t-have-one.NetworkingPlaygroundUITests";
				PRODUCT_NAME = "$(TARGET_NAME)";
				SWIFT_EMIT_LOC_STRINGS = NO;
				SWIFT_VERSION = 5.0;
				TARGETED_DEVICE_FAMILY = "1,2";
				TEST_TARGET_NAME = NetworkingPlayground;
			};
			name = Release;
		};
/* End XCBuildConfiguration section */

/* Begin XCConfigurationList section */
		54684B002E63ADE80046A602 /* Build configuration list for PBXProject "NetworkingPlayground" */ = {
			isa = XCConfigurationList;
			buildConfigurations = (
				54684B272E63ADE90046A602 /* Debug */,
				54684B282E63ADE90046A602 /* Release */,
			);
			defaultConfigurationIsVisible = 0;
			defaultConfigurationName = Release;
		};
		54684B292E63ADE90046A602 /* Build configuration list for PBXNativeTarget "NetworkingPlayground" */ = {
			isa = XCConfigurationList;
			buildConfigurations = (
				54684B2A2E63ADE90046A602 /* Debug */,
				54684B2B2E63ADE90046A602 /* Release */,
			);
			defaultConfigurationIsVisible = 0;
			defaultConfigurationName = Release;
		};
		54684B2C2E63ADE90046A602 /* Build configuration list for PBXNativeTarget "NetworkingPlaygroundTests" */ = {
			isa = XCConfigurationList;
			buildConfigurations = (
				54684B2D2E63ADE90046A602 /* Debug */,
				54684B2E2E63ADE90046A602 /* Release */,
			);
			defaultConfigurationIsVisible = 0;
			defaultConfigurationName = Release;
		};
		54684B2F2E63ADE90046A602 /* Build configuration list for PBXNativeTarget "NetworkingPlaygroundUITests" */ = {
			isa = XCConfigurationList;
			buildConfigurations = (
				54684B302E63ADE90046A602 /* Debug */,
				54684B312E63ADE90046A602 /* Release */,
			);
			defaultConfigurationIsVisible = 0;
			defaultConfigurationName = Release;
		};
/* End XCConfigurationList section */
	};
	rootObject = 54684AFD2E63ADE80046A602 /* Project object */;
}
